// !$*UTF8*$!
{
	archiveVersion = 1;
	classes = {
	};
	objectVersion = 51;
	objects = {

/* Begin PBXBuildFile section */
		160D0A292400F0A600BADA5F /* MoodsViewController.swift in Sources */ = {isa = PBXBuildFile; fileRef = 160D0A282400F0A600BADA5F /* MoodsViewController.swift */; };
		160D0A2B2400F4C300BADA5F /* MoodsViewCVDelegateMethods.swift in Sources */ = {isa = PBXBuildFile; fileRef = 160D0A2A2400F4C300BADA5F /* MoodsViewCVDelegateMethods.swift */; };
		160D0A2D2400F6C000BADA5F /* MoodCollectionViewCell.swift in Sources */ = {isa = PBXBuildFile; fileRef = 160D0A2C2400F6C000BADA5F /* MoodCollectionViewCell.swift */; };
		1613131423EE3F49000B9059 /* ProfileButtonCollectionViewCell.swift in Sources */ = {isa = PBXBuildFile; fileRef = 1613131323EE3F49000B9059 /* ProfileButtonCollectionViewCell.swift */; };
		1642B99724187F8200E71EA3 /* ReminderDataProvider.swift in Sources */ = {isa = PBXBuildFile; fileRef = 1642B99624187F8100E71EA3 /* ReminderDataProvider.swift */; };
		1642B99A241888AD00E71EA3 /* ReminderDataProviderDelegate.swift in Sources */ = {isa = PBXBuildFile; fileRef = 1642B999241888AD00E71EA3 /* ReminderDataProviderDelegate.swift */; };
		1642B99C2418899D00E71EA3 /* RemindersVC+ProviderDelegateMethods.swift in Sources */ = {isa = PBXBuildFile; fileRef = 1642B99B2418899D00E71EA3 /* RemindersVC+ProviderDelegateMethods.swift */; };
		1642B99E2418919D00E71EA3 /* RemindersVC+SwipeCellKitDelegateMethods.swift in Sources */ = {isa = PBXBuildFile; fileRef = 1642B99D2418919D00E71EA3 /* RemindersVC+SwipeCellKitDelegateMethods.swift */; };
		1642B9AE2419ED8F00E71EA3 /* Roboto-Medium.ttf in Resources */ = {isa = PBXBuildFile; fileRef = 1642B9A12419ED8E00E71EA3 /* Roboto-Medium.ttf */; };
		1642B9AF2419ED8F00E71EA3 /* Roboto-BoldItalic.ttf in Resources */ = {isa = PBXBuildFile; fileRef = 1642B9A22419ED8E00E71EA3 /* Roboto-BoldItalic.ttf */; };
		1642B9B02419ED8F00E71EA3 /* LICENSE.txt in Resources */ = {isa = PBXBuildFile; fileRef = 1642B9A32419ED8E00E71EA3 /* LICENSE.txt */; };
		1642B9B12419ED8F00E71EA3 /* Roboto-Bold.ttf in Resources */ = {isa = PBXBuildFile; fileRef = 1642B9A42419ED8E00E71EA3 /* Roboto-Bold.ttf */; };
		1642B9B22419ED8F00E71EA3 /* Roboto-MediumItalic.ttf in Resources */ = {isa = PBXBuildFile; fileRef = 1642B9A52419ED8F00E71EA3 /* Roboto-MediumItalic.ttf */; };
		1642B9B32419ED8F00E71EA3 /* Roboto-Italic.ttf in Resources */ = {isa = PBXBuildFile; fileRef = 1642B9A62419ED8F00E71EA3 /* Roboto-Italic.ttf */; };
		1642B9B42419ED8F00E71EA3 /* Roboto-Regular.ttf in Resources */ = {isa = PBXBuildFile; fileRef = 1642B9A72419ED8F00E71EA3 /* Roboto-Regular.ttf */; };
		1642B9B52419ED8F00E71EA3 /* Roboto-LightItalic.ttf in Resources */ = {isa = PBXBuildFile; fileRef = 1642B9A82419ED8F00E71EA3 /* Roboto-LightItalic.ttf */; };
		1642B9B62419ED8F00E71EA3 /* Roboto-Thin.ttf in Resources */ = {isa = PBXBuildFile; fileRef = 1642B9A92419ED8F00E71EA3 /* Roboto-Thin.ttf */; };
		1642B9B72419ED8F00E71EA3 /* Roboto-BlackItalic.ttf in Resources */ = {isa = PBXBuildFile; fileRef = 1642B9AA2419ED8F00E71EA3 /* Roboto-BlackItalic.ttf */; };
		1642B9B82419ED8F00E71EA3 /* Roboto-Black.ttf in Resources */ = {isa = PBXBuildFile; fileRef = 1642B9AB2419ED8F00E71EA3 /* Roboto-Black.ttf */; };
		1642B9B92419ED8F00E71EA3 /* Roboto-Light.ttf in Resources */ = {isa = PBXBuildFile; fileRef = 1642B9AC2419ED8F00E71EA3 /* Roboto-Light.ttf */; };
		1642B9BA2419ED8F00E71EA3 /* Roboto-ThinItalic.ttf in Resources */ = {isa = PBXBuildFile; fileRef = 1642B9AD2419ED8F00E71EA3 /* Roboto-ThinItalic.ttf */; };
		166A86EC24077C9B009BEEBA /* VaccinesTBViewDelegateMethods.swift in Sources */ = {isa = PBXBuildFile; fileRef = 166A86EB24077C9B009BEEBA /* VaccinesTBViewDelegateMethods.swift */; };
		166A86EE2407835E009BEEBA /* VaccineTableViewCell.swift in Sources */ = {isa = PBXBuildFile; fileRef = 166A86ED2407835E009BEEBA /* VaccineTableViewCell.swift */; };
		166C91FF23F6369100964FC8 /* GoogleService-Info.plist in Resources */ = {isa = PBXBuildFile; fileRef = 166C91FE23F6369100964FC8 /* GoogleService-Info.plist */; };
		166C920323F6533600964FC8 /* Pet.swift in Sources */ = {isa = PBXBuildFile; fileRef = 166C920223F6533500964FC8 /* Pet.swift */; };
		167BAACE2408CE9300519EA6 /* Vaccine.swift in Sources */ = {isa = PBXBuildFile; fileRef = 167BAACD2408CE9300519EA6 /* Vaccine.swift */; };
		168463592409EE8C00936530 /* GeneralHelper.swift in Sources */ = {isa = PBXBuildFile; fileRef = 168463582409EE8C00936530 /* GeneralHelper.swift */; };
		1684635B2409EFEC00936530 /* AnimalButton.swift in Sources */ = {isa = PBXBuildFile; fileRef = 1684635A2409EFEC00936530 /* AnimalButton.swift */; };
		1687A2D42412E63B0038E146 /* AboutTableViewCell.swift in Sources */ = {isa = PBXBuildFile; fileRef = 1687A2D32412E63B0038E146 /* AboutTableViewCell.swift */; };
		168AB7292417337B000B7618 /* RemindersViewController.swift in Sources */ = {isa = PBXBuildFile; fileRef = 168AB7282417337B000B7618 /* RemindersViewController.swift */; };
		168AB72B24173AB5000B7618 /* RemindersVC+CollectionViewDelegate.swift in Sources */ = {isa = PBXBuildFile; fileRef = 168AB72A24173AB5000B7618 /* RemindersVC+CollectionViewDelegate.swift */; };
		168AB73224173CBF000B7618 /* ReminderCollectionViewCell.swift in Sources */ = {isa = PBXBuildFile; fileRef = 168AB73124173CBF000B7618 /* ReminderCollectionViewCell.swift */; };
		168AB73424173EB8000B7618 /* Reminder.swift in Sources */ = {isa = PBXBuildFile; fileRef = 168AB73324173EB8000B7618 /* Reminder.swift */; };
		168AB73824175084000B7618 /* AddReminderViewController.swift in Sources */ = {isa = PBXBuildFile; fileRef = 168AB73724175084000B7618 /* AddReminderViewController.swift */; };
		1690B9B72404CEA800F16BC5 /* ChooseMoodButton.swift in Sources */ = {isa = PBXBuildFile; fileRef = 1690B9B62404CEA800F16BC5 /* ChooseMoodButton.swift */; };
		1690B9B9240619B900F16BC5 /* Mood.swift in Sources */ = {isa = PBXBuildFile; fileRef = 1690B9B8240619B900F16BC5 /* Mood.swift */; };
		1690B9BD240624C300F16BC5 /* MoodDataProvider.swift in Sources */ = {isa = PBXBuildFile; fileRef = 1690B9BC240624C300F16BC5 /* MoodDataProvider.swift */; };
		1690B9C0240625DE00F16BC5 /* MoodDataProviderDelegate.swift in Sources */ = {isa = PBXBuildFile; fileRef = 1690B9BF240625DE00F16BC5 /* MoodDataProviderDelegate.swift */; };
		1690B9C22406306E00F16BC5 /* MoodsVC+ProviderDelegateMethods.swift in Sources */ = {isa = PBXBuildFile; fileRef = 1690B9C12406306E00F16BC5 /* MoodsVC+ProviderDelegateMethods.swift */; };
		16A18EBF23EE2D0500120A9C /* PetProfileCollectionViewDelegateMethods.swift in Sources */ = {isa = PBXBuildFile; fileRef = 16A18EBE23EE2D0500120A9C /* PetProfileCollectionViewDelegateMethods.swift */; };
		16A211DB240E05EA009EFEE2 /* VaccineInfoViewController.swift in Sources */ = {isa = PBXBuildFile; fileRef = 16A211DA240E05EA009EFEE2 /* VaccineInfoViewController.swift */; };
		16A211DD240E0D24009EFEE2 /* VaccineInfo+TableViewDelegateMethods.swift in Sources */ = {isa = PBXBuildFile; fileRef = 16A211DC240E0D24009EFEE2 /* VaccineInfo+TableViewDelegateMethods.swift */; };
		16A211DF240E0EF1009EFEE2 /* VaccineInfoTableViewCell.swift in Sources */ = {isa = PBXBuildFile; fileRef = 16A211DE240E0EF1009EFEE2 /* VaccineInfoTableViewCell.swift */; };
		16A591A42404C6A000B9A239 /* AddButton.swift in Sources */ = {isa = PBXBuildFile; fileRef = 16A591A32404C6A000B9A239 /* AddButton.swift */; };
		16A591AC2404CD8B00B9A239 /* CreateMoodViewController.swift in Sources */ = {isa = PBXBuildFile; fileRef = 16A591AB2404CD8B00B9A239 /* CreateMoodViewController.swift */; };
		16B808AE240770B600C6A1EA /* VaccinesViewController.swift in Sources */ = {isa = PBXBuildFile; fileRef = 16B808AD240770B600C6A1EA /* VaccinesViewController.swift */; };
		16BC2F84241C341100222798 /* SignUpViewController.swift in Sources */ = {isa = PBXBuildFile; fileRef = 16BC2F83241C341100222798 /* SignUpViewController.swift */; };
		16BC2F86241C35ED00222798 /* DefaultButton.swift in Sources */ = {isa = PBXBuildFile; fileRef = 16BC2F85241C35ED00222798 /* DefaultButton.swift */; };
		16BC2F88241C3F7200222798 /* DefaultTextField.swift in Sources */ = {isa = PBXBuildFile; fileRef = 16BC2F87241C3F7200222798 /* DefaultTextField.swift */; };
		16BC2F8B241C470900222798 /* UserDataProvider.swift in Sources */ = {isa = PBXBuildFile; fileRef = 16BC2F8A241C470900222798 /* UserDataProvider.swift */; };
		16BC2F8D241C525600222798 /* UIViewController+HideKeyboard.swift in Sources */ = {isa = PBXBuildFile; fileRef = 16BC2F8C241C525600222798 /* UIViewController+HideKeyboard.swift */; };
		16BC2F8F241C55EC00222798 /* LoginViewController.swift in Sources */ = {isa = PBXBuildFile; fileRef = 16BC2F8E241C55EC00222798 /* LoginViewController.swift */; };
		16BC2F91241C7C7800222798 /* LogoutViewController.swift in Sources */ = {isa = PBXBuildFile; fileRef = 16BC2F90241C7C7800222798 /* LogoutViewController.swift */; };
		16BCB6D823DFE82300C91316 /* AppDelegate.swift in Sources */ = {isa = PBXBuildFile; fileRef = 16BCB6D723DFE82300C91316 /* AppDelegate.swift */; };
		16BCB6DA23DFE82300C91316 /* SceneDelegate.swift in Sources */ = {isa = PBXBuildFile; fileRef = 16BCB6D923DFE82300C91316 /* SceneDelegate.swift */; };
		16BCB6E423DFE82900C91316 /* Assets.xcassets in Resources */ = {isa = PBXBuildFile; fileRef = 16BCB6E323DFE82900C91316 /* Assets.xcassets */; };
		16BCB6E723DFE82900C91316 /* LaunchScreen.storyboard in Resources */ = {isa = PBXBuildFile; fileRef = 16BCB6E523DFE82900C91316 /* LaunchScreen.storyboard */; };
		16BCB6FB23E250C900C91316 /* CustomTabBarController.swift in Sources */ = {isa = PBXBuildFile; fileRef = 16BCB6FA23E250C900C91316 /* CustomTabBarController.swift */; };
		16BCB6FF23E2874800C91316 /* AllPetsController.swift in Sources */ = {isa = PBXBuildFile; fileRef = 16BCB6FE23E2874800C91316 /* AllPetsController.swift */; };
		16BCB70123E28B7F00C91316 /* PetCell.swift in Sources */ = {isa = PBXBuildFile; fileRef = 16BCB70023E28B7F00C91316 /* PetCell.swift */; };
		16BCC3D7240A342F00071E8A /* VaccinesDataProviderDelegate.swift in Sources */ = {isa = PBXBuildFile; fileRef = 16BCC3D6240A342F00071E8A /* VaccinesDataProviderDelegate.swift */; };
		16BCC3D9240A34B900071E8A /* VaccinesVC+DataProviderDelegateMethods.swift in Sources */ = {isa = PBXBuildFile; fileRef = 16BCC3D8240A34B900071E8A /* VaccinesVC+DataProviderDelegateMethods.swift */; };
		16C30B42240A1995006E22D3 /* VaccinesDataProvider.swift in Sources */ = {isa = PBXBuildFile; fileRef = 16C30B41240A1995006E22D3 /* VaccinesDataProvider.swift */; };
		16D7CFCE23EBCB820035DA5A /* CameraHandler.swift in Sources */ = {isa = PBXBuildFile; fileRef = 16D7CFCD23EBCB820035DA5A /* CameraHandler.swift */; };
		16D7CFD223EBD2AE0035DA5A /* PetProfileViewController.swift in Sources */ = {isa = PBXBuildFile; fileRef = 16D7CFD123EBD2AE0035DA5A /* PetProfileViewController.swift */; };
		16D7CFDB23ECE3E70035DA5A /* AllPets+DelegateMethods.swift in Sources */ = {isa = PBXBuildFile; fileRef = 16D7CFDA23ECE3E70035DA5A /* AllPets+DelegateMethods.swift */; };
		16D7CFDF23ECE5090035DA5A /* UIColor+Hex.swift in Sources */ = {isa = PBXBuildFile; fileRef = 16D7CFDE23ECE5090035DA5A /* UIColor+Hex.swift */; };
		16D7CFE323ECE7E10035DA5A /* Assets.swift in Sources */ = {isa = PBXBuildFile; fileRef = 16D7CFE223ECE7E10035DA5A /* Assets.swift */; };
		16D7CFE823ECEE290035DA5A /* PetAvatarImageView.swift in Sources */ = {isa = PBXBuildFile; fileRef = 16D7CFE723ECEE290035DA5A /* PetAvatarImageView.swift */; };
		16D7CFEA23ED08730035DA5A /* PetAvatarWithShadowImageView.swift in Sources */ = {isa = PBXBuildFile; fileRef = 16D7CFE923ED08730035DA5A /* PetAvatarWithShadowImageView.swift */; };
		16E3C209242095DD00F1B4C4 /* User.swift in Sources */ = {isa = PBXBuildFile; fileRef = 16E3C208242095DD00F1B4C4 /* User.swift */; };
		16E3C20C2420AC4200F1B4C4 /* UserDataProviderDelegate.swift in Sources */ = {isa = PBXBuildFile; fileRef = 16E3C20B2420AC4200F1B4C4 /* UserDataProviderDelegate.swift */; };
		16E3C2102420AF2B00F1B4C4 /* AllPets+UserDataProviderDelegate.swift in Sources */ = {isa = PBXBuildFile; fileRef = 16E3C20F2420AF2B00F1B4C4 /* AllPets+UserDataProviderDelegate.swift */; };
		16E85FE223E3A90E0026F52A /* AddPetViewController.swift in Sources */ = {isa = PBXBuildFile; fileRef = 16E85FE123E3A90E0026F52A /* AddPetViewController.swift */; };
		16EC98B82421CC0600995551 /* RemindersVC+UserDataProviderDelegate.swift in Sources */ = {isa = PBXBuildFile; fileRef = 16EC98B72421CC0600995551 /* RemindersVC+UserDataProviderDelegate.swift */; };
		16F962D423F7A65500AAEBAF /* DataProvider.swift in Sources */ = {isa = PBXBuildFile; fileRef = 16F962D323F7A65500AAEBAF /* DataProvider.swift */; };
		16F962D723F7B13000AAEBAF /* DataProviderDelegate.swift in Sources */ = {isa = PBXBuildFile; fileRef = 16F962D623F7B13000AAEBAF /* DataProviderDelegate.swift */; };
		16F962DA23F7B66A00AAEBAF /* AllPets+DataProviderDelegate.swift in Sources */ = {isa = PBXBuildFile; fileRef = 16F962D923F7B66A00AAEBAF /* AllPets+DataProviderDelegate.swift */; };
		4C23223184101B9DF9195E06 /* Pods_PetMe.framework in Frameworks */ = {isa = PBXBuildFile; fileRef = 32CF660D490BDDFE224520CC /* Pods_PetMe.framework */; };
/* End PBXBuildFile section */

/* Begin PBXFileReference section */
		160D0A282400F0A600BADA5F /* MoodsViewController.swift */ = {isa = PBXFileReference; lastKnownFileType = sourcecode.swift; name = MoodsViewController.swift; path = PetMe/Moods/Controller/MoodsViewController.swift; sourceTree = SOURCE_ROOT; };
		160D0A2A2400F4C300BADA5F /* MoodsViewCVDelegateMethods.swift */ = {isa = PBXFileReference; lastKnownFileType = sourcecode.swift; path = MoodsViewCVDelegateMethods.swift; sourceTree = "<group>"; };
		160D0A2C2400F6C000BADA5F /* MoodCollectionViewCell.swift */ = {isa = PBXFileReference; lastKnownFileType = sourcecode.swift; path = MoodCollectionViewCell.swift; sourceTree = "<group>"; };
		1613131323EE3F49000B9059 /* ProfileButtonCollectionViewCell.swift */ = {isa = PBXFileReference; lastKnownFileType = sourcecode.swift; path = ProfileButtonCollectionViewCell.swift; sourceTree = "<group>"; };
		1642B99624187F8100E71EA3 /* ReminderDataProvider.swift */ = {isa = PBXFileReference; lastKnownFileType = sourcecode.swift; path = ReminderDataProvider.swift; sourceTree = "<group>"; };
		1642B999241888AD00E71EA3 /* ReminderDataProviderDelegate.swift */ = {isa = PBXFileReference; lastKnownFileType = sourcecode.swift; path = ReminderDataProviderDelegate.swift; sourceTree = "<group>"; };
		1642B99B2418899D00E71EA3 /* RemindersVC+ProviderDelegateMethods.swift */ = {isa = PBXFileReference; lastKnownFileType = sourcecode.swift; path = "RemindersVC+ProviderDelegateMethods.swift"; sourceTree = "<group>"; };
		1642B99D2418919D00E71EA3 /* RemindersVC+SwipeCellKitDelegateMethods.swift */ = {isa = PBXFileReference; lastKnownFileType = sourcecode.swift; path = "RemindersVC+SwipeCellKitDelegateMethods.swift"; sourceTree = "<group>"; };
		1642B9A12419ED8E00E71EA3 /* Roboto-Medium.ttf */ = {isa = PBXFileReference; lastKnownFileType = file; path = "Roboto-Medium.ttf"; sourceTree = "<group>"; };
		1642B9A22419ED8E00E71EA3 /* Roboto-BoldItalic.ttf */ = {isa = PBXFileReference; lastKnownFileType = file; path = "Roboto-BoldItalic.ttf"; sourceTree = "<group>"; };
		1642B9A32419ED8E00E71EA3 /* LICENSE.txt */ = {isa = PBXFileReference; fileEncoding = 4; lastKnownFileType = text; path = LICENSE.txt; sourceTree = "<group>"; };
		1642B9A42419ED8E00E71EA3 /* Roboto-Bold.ttf */ = {isa = PBXFileReference; lastKnownFileType = file; path = "Roboto-Bold.ttf"; sourceTree = "<group>"; };
		1642B9A52419ED8F00E71EA3 /* Roboto-MediumItalic.ttf */ = {isa = PBXFileReference; lastKnownFileType = file; path = "Roboto-MediumItalic.ttf"; sourceTree = "<group>"; };
		1642B9A62419ED8F00E71EA3 /* Roboto-Italic.ttf */ = {isa = PBXFileReference; lastKnownFileType = file; path = "Roboto-Italic.ttf"; sourceTree = "<group>"; };
		1642B9A72419ED8F00E71EA3 /* Roboto-Regular.ttf */ = {isa = PBXFileReference; lastKnownFileType = file; path = "Roboto-Regular.ttf"; sourceTree = "<group>"; };
		1642B9A82419ED8F00E71EA3 /* Roboto-LightItalic.ttf */ = {isa = PBXFileReference; lastKnownFileType = file; path = "Roboto-LightItalic.ttf"; sourceTree = "<group>"; };
		1642B9A92419ED8F00E71EA3 /* Roboto-Thin.ttf */ = {isa = PBXFileReference; lastKnownFileType = file; path = "Roboto-Thin.ttf"; sourceTree = "<group>"; };
		1642B9AA2419ED8F00E71EA3 /* Roboto-BlackItalic.ttf */ = {isa = PBXFileReference; lastKnownFileType = file; path = "Roboto-BlackItalic.ttf"; sourceTree = "<group>"; };
		1642B9AB2419ED8F00E71EA3 /* Roboto-Black.ttf */ = {isa = PBXFileReference; lastKnownFileType = file; path = "Roboto-Black.ttf"; sourceTree = "<group>"; };
		1642B9AC2419ED8F00E71EA3 /* Roboto-Light.ttf */ = {isa = PBXFileReference; lastKnownFileType = file; path = "Roboto-Light.ttf"; sourceTree = "<group>"; };
		1642B9AD2419ED8F00E71EA3 /* Roboto-ThinItalic.ttf */ = {isa = PBXFileReference; lastKnownFileType = file; path = "Roboto-ThinItalic.ttf"; sourceTree = "<group>"; };
		166A86EB24077C9B009BEEBA /* VaccinesTBViewDelegateMethods.swift */ = {isa = PBXFileReference; lastKnownFileType = sourcecode.swift; path = VaccinesTBViewDelegateMethods.swift; sourceTree = "<group>"; };
		166A86ED2407835E009BEEBA /* VaccineTableViewCell.swift */ = {isa = PBXFileReference; lastKnownFileType = sourcecode.swift; path = VaccineTableViewCell.swift; sourceTree = "<group>"; };
		166C91FE23F6369100964FC8 /* GoogleService-Info.plist */ = {isa = PBXFileReference; fileEncoding = 4; lastKnownFileType = text.plist.xml; name = "GoogleService-Info.plist"; path = "../../../../../Desktop/GoogleService-Info.plist"; sourceTree = "<group>"; };
		166C920223F6533500964FC8 /* Pet.swift */ = {isa = PBXFileReference; lastKnownFileType = sourcecode.swift; path = Pet.swift; sourceTree = "<group>"; };
		167BAACD2408CE9300519EA6 /* Vaccine.swift */ = {isa = PBXFileReference; lastKnownFileType = sourcecode.swift; path = Vaccine.swift; sourceTree = "<group>"; };
		168463582409EE8C00936530 /* GeneralHelper.swift */ = {isa = PBXFileReference; lastKnownFileType = sourcecode.swift; path = GeneralHelper.swift; sourceTree = "<group>"; };
		1684635A2409EFEC00936530 /* AnimalButton.swift */ = {isa = PBXFileReference; lastKnownFileType = sourcecode.swift; path = AnimalButton.swift; sourceTree = "<group>"; };
		1687A2D32412E63B0038E146 /* AboutTableViewCell.swift */ = {isa = PBXFileReference; lastKnownFileType = sourcecode.swift; path = AboutTableViewCell.swift; sourceTree = "<group>"; };
		168AB7282417337B000B7618 /* RemindersViewController.swift */ = {isa = PBXFileReference; lastKnownFileType = sourcecode.swift; path = RemindersViewController.swift; sourceTree = "<group>"; };
		168AB72A24173AB5000B7618 /* RemindersVC+CollectionViewDelegate.swift */ = {isa = PBXFileReference; lastKnownFileType = sourcecode.swift; path = "RemindersVC+CollectionViewDelegate.swift"; sourceTree = "<group>"; };
		168AB73124173CBF000B7618 /* ReminderCollectionViewCell.swift */ = {isa = PBXFileReference; lastKnownFileType = sourcecode.swift; path = ReminderCollectionViewCell.swift; sourceTree = "<group>"; };
		168AB73324173EB8000B7618 /* Reminder.swift */ = {isa = PBXFileReference; lastKnownFileType = sourcecode.swift; path = Reminder.swift; sourceTree = "<group>"; };
		168AB73724175084000B7618 /* AddReminderViewController.swift */ = {isa = PBXFileReference; lastKnownFileType = sourcecode.swift; path = AddReminderViewController.swift; sourceTree = "<group>"; };
		1690B9B62404CEA800F16BC5 /* ChooseMoodButton.swift */ = {isa = PBXFileReference; lastKnownFileType = sourcecode.swift; path = ChooseMoodButton.swift; sourceTree = "<group>"; };
		1690B9B8240619B900F16BC5 /* Mood.swift */ = {isa = PBXFileReference; lastKnownFileType = sourcecode.swift; path = Mood.swift; sourceTree = "<group>"; };
		1690B9BC240624C300F16BC5 /* MoodDataProvider.swift */ = {isa = PBXFileReference; lastKnownFileType = sourcecode.swift; path = MoodDataProvider.swift; sourceTree = "<group>"; };
		1690B9BF240625DE00F16BC5 /* MoodDataProviderDelegate.swift */ = {isa = PBXFileReference; lastKnownFileType = sourcecode.swift; path = MoodDataProviderDelegate.swift; sourceTree = "<group>"; };
		1690B9C12406306E00F16BC5 /* MoodsVC+ProviderDelegateMethods.swift */ = {isa = PBXFileReference; lastKnownFileType = sourcecode.swift; path = "MoodsVC+ProviderDelegateMethods.swift"; sourceTree = "<group>"; };
		16A18EBE23EE2D0500120A9C /* PetProfileCollectionViewDelegateMethods.swift */ = {isa = PBXFileReference; lastKnownFileType = sourcecode.swift; path = PetProfileCollectionViewDelegateMethods.swift; sourceTree = "<group>"; };
		16A211DA240E05EA009EFEE2 /* VaccineInfoViewController.swift */ = {isa = PBXFileReference; lastKnownFileType = sourcecode.swift; path = VaccineInfoViewController.swift; sourceTree = "<group>"; };
		16A211DC240E0D24009EFEE2 /* VaccineInfo+TableViewDelegateMethods.swift */ = {isa = PBXFileReference; lastKnownFileType = sourcecode.swift; path = "VaccineInfo+TableViewDelegateMethods.swift"; sourceTree = "<group>"; };
		16A211DE240E0EF1009EFEE2 /* VaccineInfoTableViewCell.swift */ = {isa = PBXFileReference; lastKnownFileType = sourcecode.swift; path = VaccineInfoTableViewCell.swift; sourceTree = "<group>"; };
		16A591A32404C6A000B9A239 /* AddButton.swift */ = {isa = PBXFileReference; lastKnownFileType = sourcecode.swift; path = AddButton.swift; sourceTree = "<group>"; };
		16A591AB2404CD8B00B9A239 /* CreateMoodViewController.swift */ = {isa = PBXFileReference; lastKnownFileType = sourcecode.swift; path = CreateMoodViewController.swift; sourceTree = "<group>"; };
		16B808AD240770B600C6A1EA /* VaccinesViewController.swift */ = {isa = PBXFileReference; lastKnownFileType = sourcecode.swift; path = VaccinesViewController.swift; sourceTree = "<group>"; };
		16BC2F83241C341100222798 /* SignUpViewController.swift */ = {isa = PBXFileReference; lastKnownFileType = sourcecode.swift; path = SignUpViewController.swift; sourceTree = "<group>"; };
		16BC2F85241C35ED00222798 /* DefaultButton.swift */ = {isa = PBXFileReference; lastKnownFileType = sourcecode.swift; path = DefaultButton.swift; sourceTree = "<group>"; };
		16BC2F87241C3F7200222798 /* DefaultTextField.swift */ = {isa = PBXFileReference; lastKnownFileType = sourcecode.swift; path = DefaultTextField.swift; sourceTree = "<group>"; };
		16BC2F8A241C470900222798 /* UserDataProvider.swift */ = {isa = PBXFileReference; lastKnownFileType = sourcecode.swift; path = UserDataProvider.swift; sourceTree = "<group>"; };
		16BC2F8C241C525600222798 /* UIViewController+HideKeyboard.swift */ = {isa = PBXFileReference; lastKnownFileType = sourcecode.swift; path = "UIViewController+HideKeyboard.swift"; sourceTree = "<group>"; };
		16BC2F8E241C55EC00222798 /* LoginViewController.swift */ = {isa = PBXFileReference; lastKnownFileType = sourcecode.swift; path = LoginViewController.swift; sourceTree = "<group>"; };
		16BC2F90241C7C7800222798 /* LogoutViewController.swift */ = {isa = PBXFileReference; lastKnownFileType = sourcecode.swift; path = LogoutViewController.swift; sourceTree = "<group>"; };
		16BCB6D423DFE82300C91316 /* PetMe.app */ = {isa = PBXFileReference; explicitFileType = wrapper.application; includeInIndex = 0; path = PetMe.app; sourceTree = BUILT_PRODUCTS_DIR; };
		16BCB6D723DFE82300C91316 /* AppDelegate.swift */ = {isa = PBXFileReference; lastKnownFileType = sourcecode.swift; path = AppDelegate.swift; sourceTree = "<group>"; };
		16BCB6D923DFE82300C91316 /* SceneDelegate.swift */ = {isa = PBXFileReference; lastKnownFileType = sourcecode.swift; path = SceneDelegate.swift; sourceTree = "<group>"; };
		16BCB6E323DFE82900C91316 /* Assets.xcassets */ = {isa = PBXFileReference; lastKnownFileType = folder.assetcatalog; path = Assets.xcassets; sourceTree = "<group>"; };
		16BCB6E623DFE82900C91316 /* Base */ = {isa = PBXFileReference; lastKnownFileType = file.storyboard; name = Base; path = Base.lproj/LaunchScreen.storyboard; sourceTree = "<group>"; };
		16BCB6E823DFE82900C91316 /* Info.plist */ = {isa = PBXFileReference; lastKnownFileType = text.plist.xml; path = Info.plist; sourceTree = "<group>"; };
		16BCB6FA23E250C900C91316 /* CustomTabBarController.swift */ = {isa = PBXFileReference; lastKnownFileType = sourcecode.swift; path = CustomTabBarController.swift; sourceTree = "<group>"; };
		16BCB6FE23E2874800C91316 /* AllPetsController.swift */ = {isa = PBXFileReference; lastKnownFileType = sourcecode.swift; path = AllPetsController.swift; sourceTree = "<group>"; };
		16BCB70023E28B7F00C91316 /* PetCell.swift */ = {isa = PBXFileReference; lastKnownFileType = sourcecode.swift; path = PetCell.swift; sourceTree = "<group>"; };
		16BCC3D6240A342F00071E8A /* VaccinesDataProviderDelegate.swift */ = {isa = PBXFileReference; lastKnownFileType = sourcecode.swift; path = VaccinesDataProviderDelegate.swift; sourceTree = "<group>"; };
		16BCC3D8240A34B900071E8A /* VaccinesVC+DataProviderDelegateMethods.swift */ = {isa = PBXFileReference; lastKnownFileType = sourcecode.swift; path = "VaccinesVC+DataProviderDelegateMethods.swift"; sourceTree = "<group>"; };
		16C30B41240A1995006E22D3 /* VaccinesDataProvider.swift */ = {isa = PBXFileReference; lastKnownFileType = sourcecode.swift; path = VaccinesDataProvider.swift; sourceTree = "<group>"; };
		16D7CFCD23EBCB820035DA5A /* CameraHandler.swift */ = {isa = PBXFileReference; lastKnownFileType = sourcecode.swift; path = CameraHandler.swift; sourceTree = "<group>"; };
		16D7CFD123EBD2AE0035DA5A /* PetProfileViewController.swift */ = {isa = PBXFileReference; lastKnownFileType = sourcecode.swift; path = PetProfileViewController.swift; sourceTree = "<group>"; };
		16D7CFDA23ECE3E70035DA5A /* AllPets+DelegateMethods.swift */ = {isa = PBXFileReference; lastKnownFileType = sourcecode.swift; path = "AllPets+DelegateMethods.swift"; sourceTree = "<group>"; };
		16D7CFDE23ECE5090035DA5A /* UIColor+Hex.swift */ = {isa = PBXFileReference; lastKnownFileType = sourcecode.swift; path = "UIColor+Hex.swift"; sourceTree = "<group>"; };
		16D7CFE223ECE7E10035DA5A /* Assets.swift */ = {isa = PBXFileReference; lastKnownFileType = sourcecode.swift; path = Assets.swift; sourceTree = "<group>"; };
		16D7CFE723ECEE290035DA5A /* PetAvatarImageView.swift */ = {isa = PBXFileReference; lastKnownFileType = sourcecode.swift; path = PetAvatarImageView.swift; sourceTree = "<group>"; };
		16D7CFE923ED08730035DA5A /* PetAvatarWithShadowImageView.swift */ = {isa = PBXFileReference; lastKnownFileType = sourcecode.swift; path = PetAvatarWithShadowImageView.swift; sourceTree = "<group>"; };
		16E3C208242095DD00F1B4C4 /* User.swift */ = {isa = PBXFileReference; lastKnownFileType = sourcecode.swift; path = User.swift; sourceTree = "<group>"; };
		16E3C20B2420AC4200F1B4C4 /* UserDataProviderDelegate.swift */ = {isa = PBXFileReference; lastKnownFileType = sourcecode.swift; path = UserDataProviderDelegate.swift; sourceTree = "<group>"; };
		16E3C20F2420AF2B00F1B4C4 /* AllPets+UserDataProviderDelegate.swift */ = {isa = PBXFileReference; lastKnownFileType = sourcecode.swift; path = "AllPets+UserDataProviderDelegate.swift"; sourceTree = "<group>"; };
		16E85FE123E3A90E0026F52A /* AddPetViewController.swift */ = {isa = PBXFileReference; lastKnownFileType = sourcecode.swift; path = AddPetViewController.swift; sourceTree = "<group>"; };
		16EC98B72421CC0600995551 /* RemindersVC+UserDataProviderDelegate.swift */ = {isa = PBXFileReference; lastKnownFileType = sourcecode.swift; path = "RemindersVC+UserDataProviderDelegate.swift"; sourceTree = "<group>"; };
		16F962D323F7A65500AAEBAF /* DataProvider.swift */ = {isa = PBXFileReference; lastKnownFileType = sourcecode.swift; path = DataProvider.swift; sourceTree = "<group>"; };
		16F962D623F7B13000AAEBAF /* DataProviderDelegate.swift */ = {isa = PBXFileReference; lastKnownFileType = sourcecode.swift; path = DataProviderDelegate.swift; sourceTree = "<group>"; };
		16F962D923F7B66A00AAEBAF /* AllPets+DataProviderDelegate.swift */ = {isa = PBXFileReference; lastKnownFileType = sourcecode.swift; path = "AllPets+DataProviderDelegate.swift"; sourceTree = "<group>"; };
		32CF660D490BDDFE224520CC /* Pods_PetMe.framework */ = {isa = PBXFileReference; explicitFileType = wrapper.framework; includeInIndex = 0; path = Pods_PetMe.framework; sourceTree = BUILT_PRODUCTS_DIR; };
		9D81A0855DA202E2CC32FD5C /* Pods-PetMe.release.xcconfig */ = {isa = PBXFileReference; includeInIndex = 1; lastKnownFileType = text.xcconfig; name = "Pods-PetMe.release.xcconfig"; path = "Target Support Files/Pods-PetMe/Pods-PetMe.release.xcconfig"; sourceTree = "<group>"; };
		A2D8A468AF8ADB1655BFDEB4 /* Pods-PetMe.debug.xcconfig */ = {isa = PBXFileReference; includeInIndex = 1; lastKnownFileType = text.xcconfig; name = "Pods-PetMe.debug.xcconfig"; path = "Target Support Files/Pods-PetMe/Pods-PetMe.debug.xcconfig"; sourceTree = "<group>"; };
/* End PBXFileReference section */

/* Begin PBXFrameworksBuildPhase section */
		16BCB6D123DFE82300C91316 /* Frameworks */ = {
			isa = PBXFrameworksBuildPhase;
			buildActionMask = 2147483647;
			files = (
				4C23223184101B9DF9195E06 /* Pods_PetMe.framework in Frameworks */,
			);
			runOnlyForDeploymentPostprocessing = 0;
		};
/* End PBXFrameworksBuildPhase section */

/* Begin PBXGroup section */
		1642B99524187F4100E71EA3 /* DataProvider */ = {
			isa = PBXGroup;
			children = (
				1642B99624187F8100E71EA3 /* ReminderDataProvider.swift */,
			);
			path = DataProvider;
			sourceTree = "<group>";
		};
		1642B9982418888600E71EA3 /* Protocols */ = {
			isa = PBXGroup;
			children = (
				1642B999241888AD00E71EA3 /* ReminderDataProviderDelegate.swift */,
			);
			path = Protocols;
			sourceTree = "<group>";
		};
		1642B9A02419ED3600E71EA3 /* Fonts */ = {
			isa = PBXGroup;
			children = (
				1642B9A32419ED8E00E71EA3 /* LICENSE.txt */,
				1642B9AB2419ED8F00E71EA3 /* Roboto-Black.ttf */,
				1642B9AA2419ED8F00E71EA3 /* Roboto-BlackItalic.ttf */,
				1642B9A42419ED8E00E71EA3 /* Roboto-Bold.ttf */,
				1642B9A22419ED8E00E71EA3 /* Roboto-BoldItalic.ttf */,
				1642B9A62419ED8F00E71EA3 /* Roboto-Italic.ttf */,
				1642B9AC2419ED8F00E71EA3 /* Roboto-Light.ttf */,
				1642B9A82419ED8F00E71EA3 /* Roboto-LightItalic.ttf */,
				1642B9A12419ED8E00E71EA3 /* Roboto-Medium.ttf */,
				1642B9A52419ED8F00E71EA3 /* Roboto-MediumItalic.ttf */,
				1642B9A72419ED8F00E71EA3 /* Roboto-Regular.ttf */,
				1642B9A92419ED8F00E71EA3 /* Roboto-Thin.ttf */,
				1642B9AD2419ED8F00E71EA3 /* Roboto-ThinItalic.ttf */,
			);
			path = Fonts;
			sourceTree = "<group>";
		};
		166C920423F6533E00964FC8 /* Model */ = {
			isa = PBXGroup;
			children = (
				166C920223F6533500964FC8 /* Pet.swift */,
			);
			path = Model;
			sourceTree = "<group>";
		};
		168AB72724173304000B7618 /* Reminders */ = {
			isa = PBXGroup;
			children = (
				1642B9982418888600E71EA3 /* Protocols */,
				1642B99524187F4100E71EA3 /* DataProvider */,
				168AB72F24173C65000B7618 /* Model */,
				168AB73024173C86000B7618 /* View */,
				168AB72C24173C30000B7618 /* Controller */,
			);
			path = Reminders;
			sourceTree = "<group>";
		};
		168AB72C24173C30000B7618 /* Controller */ = {
			isa = PBXGroup;
			children = (
				168AB7282417337B000B7618 /* RemindersViewController.swift */,
				168AB72A24173AB5000B7618 /* RemindersVC+CollectionViewDelegate.swift */,
				1642B99D2418919D00E71EA3 /* RemindersVC+SwipeCellKitDelegateMethods.swift */,
				1642B99B2418899D00E71EA3 /* RemindersVC+ProviderDelegateMethods.swift */,
				16EC98B72421CC0600995551 /* RemindersVC+UserDataProviderDelegate.swift */,
				168AB73724175084000B7618 /* AddReminderViewController.swift */,
			);
			path = Controller;
			sourceTree = "<group>";
		};
		168AB72F24173C65000B7618 /* Model */ = {
			isa = PBXGroup;
			children = (
				168AB73324173EB8000B7618 /* Reminder.swift */,
			);
			path = Model;
			sourceTree = "<group>";
		};
		168AB73024173C86000B7618 /* View */ = {
			isa = PBXGroup;
			children = (
				168AB73124173CBF000B7618 /* ReminderCollectionViewCell.swift */,
			);
			path = View;
			sourceTree = "<group>";
		};
		1690B9BB2406245500F16BC5 /* DataProvider */ = {
			isa = PBXGroup;
			children = (
				1690B9BC240624C300F16BC5 /* MoodDataProvider.swift */,
			);
			path = DataProvider;
			sourceTree = "<group>";
		};
		1690B9BE2406259600F16BC5 /* Protocols */ = {
			isa = PBXGroup;
			children = (
				1690B9BF240625DE00F16BC5 /* MoodDataProviderDelegate.swift */,
			);
			path = Protocols;
			sourceTree = "<group>";
		};
		169916B72408E74F00F3EBAF /* DataProvider */ = {
			isa = PBXGroup;
			children = (
				16C30B41240A1995006E22D3 /* VaccinesDataProvider.swift */,
			);
			path = DataProvider;
			sourceTree = "<group>";
		};
		16A591A52404CC2000B9A239 /* Moods */ = {
			isa = PBXGroup;
			children = (
				1690B9BE2406259600F16BC5 /* Protocols */,
				16A591A62404CC7700B9A239 /* Model */,
				16A591A92404CC9600B9A239 /* View */,
				16A591AA2404CCC100B9A239 /* Controller */,
				1690B9BB2406245500F16BC5 /* DataProvider */,
			);
			path = Moods;
			sourceTree = "<group>";
		};
		16A591A62404CC7700B9A239 /* Model */ = {
			isa = PBXGroup;
			children = (
				1690B9B8240619B900F16BC5 /* Mood.swift */,
			);
			path = Model;
			sourceTree = "<group>";
		};
		16A591A92404CC9600B9A239 /* View */ = {
			isa = PBXGroup;
			children = (
				160D0A2C2400F6C000BADA5F /* MoodCollectionViewCell.swift */,
				1690B9B62404CEA800F16BC5 /* ChooseMoodButton.swift */,
			);
			path = View;
			sourceTree = "<group>";
		};
		16A591AA2404CCC100B9A239 /* Controller */ = {
			isa = PBXGroup;
			children = (
				160D0A282400F0A600BADA5F /* MoodsViewController.swift */,
				160D0A2A2400F4C300BADA5F /* MoodsViewCVDelegateMethods.swift */,
				16A591AB2404CD8B00B9A239 /* CreateMoodViewController.swift */,
				1690B9C12406306E00F16BC5 /* MoodsVC+ProviderDelegateMethods.swift */,
			);
			path = Controller;
			sourceTree = "<group>";
		};
		16B808AC2407702300C6A1EA /* Vaccines */ = {
			isa = PBXGroup;
			children = (
				16BCC3D5240A341400071E8A /* Protocols */,
				16B808B1240771C000C6A1EA /* Model */,
				16B808B0240771B000C6A1EA /* View */,
				16B808AF240771A000C6A1EA /* Controller */,
				169916B72408E74F00F3EBAF /* DataProvider */,
			);
			path = Vaccines;
			sourceTree = "<group>";
		};
		16B808AF240771A000C6A1EA /* Controller */ = {
			isa = PBXGroup;
			children = (
				16B808AD240770B600C6A1EA /* VaccinesViewController.swift */,
				166A86EB24077C9B009BEEBA /* VaccinesTBViewDelegateMethods.swift */,
				16BCC3D8240A34B900071E8A /* VaccinesVC+DataProviderDelegateMethods.swift */,
				16A211DA240E05EA009EFEE2 /* VaccineInfoViewController.swift */,
				16A211DC240E0D24009EFEE2 /* VaccineInfo+TableViewDelegateMethods.swift */,
			);
			path = Controller;
			sourceTree = "<group>";
		};
		16B808B0240771B000C6A1EA /* View */ = {
			isa = PBXGroup;
			children = (
				166A86ED2407835E009BEEBA /* VaccineTableViewCell.swift */,
				16A211DE240E0EF1009EFEE2 /* VaccineInfoTableViewCell.swift */,
				1687A2D32412E63B0038E146 /* AboutTableViewCell.swift */,
			);
			path = View;
			sourceTree = "<group>";
		};
		16B808B1240771C000C6A1EA /* Model */ = {
			isa = PBXGroup;
			children = (
				167BAACD2408CE9300519EA6 /* Vaccine.swift */,
			);
			path = Model;
			sourceTree = "<group>";
		};
		16BC2F7E241C330600222798 /* Authentication */ = {
			isa = PBXGroup;
			children = (
				16E3C20A2420AC1800F1B4C4 /* Protocols */,
				16E3C207242095CB00F1B4C4 /* Model */,
				16BC2F7F241C333700222798 /* View */,
				16BC2F80241C334000222798 /* Controller */,
				16BC2F89241C46D000222798 /* DataProvider */,
			);
			path = Authentication;
			sourceTree = "<group>";
		};
		16BC2F7F241C333700222798 /* View */ = {
			isa = PBXGroup;
			children = (
			);
			path = View;
			sourceTree = "<group>";
		};
		16BC2F80241C334000222798 /* Controller */ = {
			isa = PBXGroup;
			children = (
				16BC2F83241C341100222798 /* SignUpViewController.swift */,
				16BC2F8E241C55EC00222798 /* LoginViewController.swift */,
				16BC2F90241C7C7800222798 /* LogoutViewController.swift */,
			);
			path = Controller;
			sourceTree = "<group>";
		};
		16BC2F89241C46D000222798 /* DataProvider */ = {
			isa = PBXGroup;
			children = (
				16BC2F8A241C470900222798 /* UserDataProvider.swift */,
			);
			path = DataProvider;
			sourceTree = "<group>";
		};
		16BCB6CB23DFE82300C91316 = {
			isa = PBXGroup;
			children = (
				16BCB6D523DFE82300C91316 /* Products */,
				16BCB6D623DFE82300C91316 /* PetMe */,
				3071757E6021C64609FD0EDB /* Pods */,
				AF4663CC9A4280DF824F78EA /* Frameworks */,
			);
			sourceTree = "<group>";
		};
		16BCB6D523DFE82300C91316 /* Products */ = {
			isa = PBXGroup;
			children = (
				16BCB6D423DFE82300C91316 /* PetMe.app */,
			);
			name = Products;
			sourceTree = "<group>";
		};
		16BCB6D623DFE82300C91316 /* PetMe */ = {
			isa = PBXGroup;
			children = (
				16F962D023F7868300AAEBAF /* General */,
				16D7CFE423ECE7EA0035DA5A /* Assets */,
				16BC2F7E241C330600222798 /* Authentication */,
				16F962CF23F7861300AAEBAF /* Pets */,
				16A591A52404CC2000B9A239 /* Moods */,
				16B808AC2407702300C6A1EA /* Vaccines */,
				168AB72724173304000B7618 /* Reminders */,
				16D7CFD823ECE34E0035DA5A /* Camera */,
				16D7CFD623ECE2130035DA5A /* Support */,
				16BCB6E323DFE82900C91316 /* Assets.xcassets */,
				16BCB6E523DFE82900C91316 /* LaunchScreen.storyboard */,
				16BCB6E823DFE82900C91316 /* Info.plist */,
				166C91FE23F6369100964FC8 /* GoogleService-Info.plist */,
			);
			path = PetMe;
			sourceTree = "<group>";
		};
		16BCC3D5240A341400071E8A /* Protocols */ = {
			isa = PBXGroup;
			children = (
				16BCC3D6240A342F00071E8A /* VaccinesDataProviderDelegate.swift */,
			);
			path = Protocols;
			sourceTree = "<group>";
		};
		16D7CFD523ECE2030035DA5A /* Controller */ = {
			isa = PBXGroup;
			children = (
				16BCB6FE23E2874800C91316 /* AllPetsController.swift */,
				16D7CFDA23ECE3E70035DA5A /* AllPets+DelegateMethods.swift */,
				16F962D923F7B66A00AAEBAF /* AllPets+DataProviderDelegate.swift */,
				16E3C20F2420AF2B00F1B4C4 /* AllPets+UserDataProviderDelegate.swift */,
				16E85FE123E3A90E0026F52A /* AddPetViewController.swift */,
				16D7CFD123EBD2AE0035DA5A /* PetProfileViewController.swift */,
				16A18EBE23EE2D0500120A9C /* PetProfileCollectionViewDelegateMethods.swift */,
			);
			path = Controller;
			sourceTree = "<group>";
		};
		16D7CFD623ECE2130035DA5A /* Support */ = {
			isa = PBXGroup;
			children = (
				16BCB6D723DFE82300C91316 /* AppDelegate.swift */,
				16BCB6D923DFE82300C91316 /* SceneDelegate.swift */,
			);
			path = Support;
			sourceTree = "<group>";
		};
		16D7CFD823ECE34E0035DA5A /* Camera */ = {
			isa = PBXGroup;
			children = (
				16D7CFCD23EBCB820035DA5A /* CameraHandler.swift */,
			);
			path = Camera;
			sourceTree = "<group>";
		};
		16D7CFD923ECE35A0035DA5A /* View */ = {
			isa = PBXGroup;
			children = (
				16BCB70023E28B7F00C91316 /* PetCell.swift */,
				16D7CFE723ECEE290035DA5A /* PetAvatarImageView.swift */,
				16D7CFE923ED08730035DA5A /* PetAvatarWithShadowImageView.swift */,
				1613131323EE3F49000B9059 /* ProfileButtonCollectionViewCell.swift */,
				1684635A2409EFEC00936530 /* AnimalButton.swift */,
			);
			path = View;
			sourceTree = "<group>";
		};
		16D7CFE423ECE7EA0035DA5A /* Assets */ = {
			isa = PBXGroup;
			children = (
				1642B9A02419ED3600E71EA3 /* Fonts */,
				16D7CFE223ECE7E10035DA5A /* Assets.swift */,
			);
			path = Assets;
			sourceTree = "<group>";
		};
		16E3C207242095CB00F1B4C4 /* Model */ = {
			isa = PBXGroup;
			children = (
				16E3C208242095DD00F1B4C4 /* User.swift */,
			);
			path = Model;
			sourceTree = "<group>";
		};
		16E3C20A2420AC1800F1B4C4 /* Protocols */ = {
			isa = PBXGroup;
			children = (
				16E3C20B2420AC4200F1B4C4 /* UserDataProviderDelegate.swift */,
			);
			path = Protocols;
			sourceTree = "<group>";
		};
		16F962CF23F7861300AAEBAF /* Pets */ = {
			isa = PBXGroup;
			children = (
				166C920423F6533E00964FC8 /* Model */,
				16D7CFD923ECE35A0035DA5A /* View */,
				16D7CFD523ECE2030035DA5A /* Controller */,
				16F962D523F7A66700AAEBAF /* DataProvider */,
				16F962D823F7B13500AAEBAF /* Protocols */,
			);
			path = Pets;
			sourceTree = "<group>";
		};
		16F962D023F7868300AAEBAF /* General */ = {
			isa = PBXGroup;
			children = (
				16A591A32404C6A000B9A239 /* AddButton.swift */,
				16D7CFDE23ECE5090035DA5A /* UIColor+Hex.swift */,
				168463582409EE8C00936530 /* GeneralHelper.swift */,
				16BCB6FA23E250C900C91316 /* CustomTabBarController.swift */,
				16BC2F85241C35ED00222798 /* DefaultButton.swift */,
				16BC2F87241C3F7200222798 /* DefaultTextField.swift */,
				16BC2F8C241C525600222798 /* UIViewController+HideKeyboard.swift */,
			);
			path = General;
			sourceTree = "<group>";
		};
		16F962D523F7A66700AAEBAF /* DataProvider */ = {
			isa = PBXGroup;
			children = (
				16F962D323F7A65500AAEBAF /* DataProvider.swift */,
			);
			path = DataProvider;
			sourceTree = "<group>";
		};
		16F962D823F7B13500AAEBAF /* Protocols */ = {
			isa = PBXGroup;
			children = (
				16F962D623F7B13000AAEBAF /* DataProviderDelegate.swift */,
			);
			path = Protocols;
			sourceTree = "<group>";
		};
		3071757E6021C64609FD0EDB /* Pods */ = {
			isa = PBXGroup;
			children = (
				A2D8A468AF8ADB1655BFDEB4 /* Pods-PetMe.debug.xcconfig */,
				9D81A0855DA202E2CC32FD5C /* Pods-PetMe.release.xcconfig */,
			);
			path = Pods;
			sourceTree = "<group>";
		};
		AF4663CC9A4280DF824F78EA /* Frameworks */ = {
			isa = PBXGroup;
			children = (
				32CF660D490BDDFE224520CC /* Pods_PetMe.framework */,
			);
			name = Frameworks;
			sourceTree = "<group>";
		};
/* End PBXGroup section */

/* Begin PBXNativeTarget section */
		16BCB6D323DFE82300C91316 /* PetMe */ = {
			isa = PBXNativeTarget;
			buildConfigurationList = 16BCB6EB23DFE82900C91316 /* Build configuration list for PBXNativeTarget "PetMe" */;
			buildPhases = (
				55625EA7F0C712DEF0352FF2 /* [CP] Check Pods Manifest.lock */,
				16BCB6D023DFE82300C91316 /* Sources */,
				16BCB6D123DFE82300C91316 /* Frameworks */,
				16BCB6D223DFE82300C91316 /* Resources */,
				FDDD6C52C1ACE0C65E9C63F6 /* [CP] Embed Pods Frameworks */,
			);
			buildRules = (
			);
			dependencies = (
			);
			name = PetMe;
			productName = PetMe;
			productReference = 16BCB6D423DFE82300C91316 /* PetMe.app */;
			productType = "com.apple.product-type.application";
		};
/* End PBXNativeTarget section */

/* Begin PBXProject section */
		16BCB6CC23DFE82300C91316 /* Project object */ = {
			isa = PBXProject;
			attributes = {
				LastSwiftUpdateCheck = 1130;
				LastUpgradeCheck = 1130;
				ORGANIZATIONNAME = "Lucas Rocha";
				TargetAttributes = {
					16BCB6D323DFE82300C91316 = {
						CreatedOnToolsVersion = 11.3;
					};
				};
			};
			buildConfigurationList = 16BCB6CF23DFE82300C91316 /* Build configuration list for PBXProject "PetMe" */;
			compatibilityVersion = "Xcode 9.3";
			developmentRegion = en;
			hasScannedForEncodings = 0;
			knownRegions = (
				en,
				Base,
			);
			mainGroup = 16BCB6CB23DFE82300C91316;
			productRefGroup = 16BCB6D523DFE82300C91316 /* Products */;
			projectDirPath = "";
			projectRoot = "";
			targets = (
				16BCB6D323DFE82300C91316 /* PetMe */,
			);
		};
/* End PBXProject section */

/* Begin PBXResourcesBuildPhase section */
		16BCB6D223DFE82300C91316 /* Resources */ = {
			isa = PBXResourcesBuildPhase;
			buildActionMask = 2147483647;
			files = (
				1642B9B12419ED8F00E71EA3 /* Roboto-Bold.ttf in Resources */,
				1642B9B52419ED8F00E71EA3 /* Roboto-LightItalic.ttf in Resources */,
				1642B9B92419ED8F00E71EA3 /* Roboto-Light.ttf in Resources */,
				1642B9B32419ED8F00E71EA3 /* Roboto-Italic.ttf in Resources */,
				1642B9B42419ED8F00E71EA3 /* Roboto-Regular.ttf in Resources */,
				1642B9B02419ED8F00E71EA3 /* LICENSE.txt in Resources */,
				1642B9AE2419ED8F00E71EA3 /* Roboto-Medium.ttf in Resources */,
				1642B9B72419ED8F00E71EA3 /* Roboto-BlackItalic.ttf in Resources */,
				16BCB6E723DFE82900C91316 /* LaunchScreen.storyboard in Resources */,
				1642B9B22419ED8F00E71EA3 /* Roboto-MediumItalic.ttf in Resources */,
				1642B9B62419ED8F00E71EA3 /* Roboto-Thin.ttf in Resources */,
				16BCB6E423DFE82900C91316 /* Assets.xcassets in Resources */,
				1642B9BA2419ED8F00E71EA3 /* Roboto-ThinItalic.ttf in Resources */,
				1642B9B82419ED8F00E71EA3 /* Roboto-Black.ttf in Resources */,
				1642B9AF2419ED8F00E71EA3 /* Roboto-BoldItalic.ttf in Resources */,
				166C91FF23F6369100964FC8 /* GoogleService-Info.plist in Resources */,
			);
			runOnlyForDeploymentPostprocessing = 0;
		};
/* End PBXResourcesBuildPhase section */

/* Begin PBXShellScriptBuildPhase section */
		55625EA7F0C712DEF0352FF2 /* [CP] Check Pods Manifest.lock */ = {
			isa = PBXShellScriptBuildPhase;
			buildActionMask = 2147483647;
			files = (
			);
			inputFileListPaths = (
			);
			inputPaths = (
				"${PODS_PODFILE_DIR_PATH}/Podfile.lock",
				"${PODS_ROOT}/Manifest.lock",
			);
			name = "[CP] Check Pods Manifest.lock";
			outputFileListPaths = (
			);
			outputPaths = (
				"$(DERIVED_FILE_DIR)/Pods-PetMe-checkManifestLockResult.txt",
			);
			runOnlyForDeploymentPostprocessing = 0;
			shellPath = /bin/sh;
			shellScript = "diff \"${PODS_PODFILE_DIR_PATH}/Podfile.lock\" \"${PODS_ROOT}/Manifest.lock\" > /dev/null\nif [ $? != 0 ] ; then\n    # print error to STDERR\n    echo \"error: The sandbox is not in sync with the Podfile.lock. Run 'pod install' or update your CocoaPods installation.\" >&2\n    exit 1\nfi\n# This output is used by Xcode 'outputs' to avoid re-running this script phase.\necho \"SUCCESS\" > \"${SCRIPT_OUTPUT_FILE_0}\"\n";
			showEnvVarsInLog = 0;
		};
		FDDD6C52C1ACE0C65E9C63F6 /* [CP] Embed Pods Frameworks */ = {
			isa = PBXShellScriptBuildPhase;
			buildActionMask = 2147483647;
			files = (
			);
			inputFileListPaths = (
				"${PODS_ROOT}/Target Support Files/Pods-PetMe/Pods-PetMe-frameworks-${CONFIGURATION}-input-files.xcfilelist",
			);
			name = "[CP] Embed Pods Frameworks";
			outputFileListPaths = (
				"${PODS_ROOT}/Target Support Files/Pods-PetMe/Pods-PetMe-frameworks-${CONFIGURATION}-output-files.xcfilelist",
			);
			runOnlyForDeploymentPostprocessing = 0;
			shellPath = /bin/sh;
			shellScript = "\"${PODS_ROOT}/Target Support Files/Pods-PetMe/Pods-PetMe-frameworks.sh\"\n";
			showEnvVarsInLog = 0;
		};
/* End PBXShellScriptBuildPhase section */

/* Begin PBXSourcesBuildPhase section */
		16BCB6D023DFE82300C91316 /* Sources */ = {
			isa = PBXSourcesBuildPhase;
			buildActionMask = 2147483647;
			files = (
				16BC2F8B241C470900222798 /* UserDataProvider.swift in Sources */,
				16BCC3D7240A342F00071E8A /* VaccinesDataProviderDelegate.swift in Sources */,
				1690B9C0240625DE00F16BC5 /* MoodDataProviderDelegate.swift in Sources */,
				166C920323F6533600964FC8 /* Pet.swift in Sources */,
				168AB73424173EB8000B7618 /* Reminder.swift in Sources */,
				160D0A292400F0A600BADA5F /* MoodsViewController.swift in Sources */,
				1690B9B9240619B900F16BC5 /* Mood.swift in Sources */,
				16C30B42240A1995006E22D3 /* VaccinesDataProvider.swift in Sources */,
				16BCB70123E28B7F00C91316 /* PetCell.swift in Sources */,
				1690B9B72404CEA800F16BC5 /* ChooseMoodButton.swift in Sources */,
				16BC2F86241C35ED00222798 /* DefaultButton.swift in Sources */,
				1690B9C22406306E00F16BC5 /* MoodsVC+ProviderDelegateMethods.swift in Sources */,
				160D0A2D2400F6C000BADA5F /* MoodCollectionViewCell.swift in Sources */,
				16E85FE223E3A90E0026F52A /* AddPetViewController.swift in Sources */,
				16BC2F88241C3F7200222798 /* DefaultTextField.swift in Sources */,
				16BCB6FB23E250C900C91316 /* CustomTabBarController.swift in Sources */,
				16D7CFCE23EBCB820035DA5A /* CameraHandler.swift in Sources */,
				16BC2F8D241C525600222798 /* UIViewController+HideKeyboard.swift in Sources */,
				16D7CFE823ECEE290035DA5A /* PetAvatarImageView.swift in Sources */,
				1642B99A241888AD00E71EA3 /* ReminderDataProviderDelegate.swift in Sources */,
				16BCB6FF23E2874800C91316 /* AllPetsController.swift in Sources */,
				1642B99724187F8200E71EA3 /* ReminderDataProvider.swift in Sources */,
				1687A2D42412E63B0038E146 /* AboutTableViewCell.swift in Sources */,
				1684635B2409EFEC00936530 /* AnimalButton.swift in Sources */,
				1690B9BD240624C300F16BC5 /* MoodDataProvider.swift in Sources */,
				16E3C209242095DD00F1B4C4 /* User.swift in Sources */,
				16EC98B82421CC0600995551 /* RemindersVC+UserDataProviderDelegate.swift in Sources */,
				16F962DA23F7B66A00AAEBAF /* AllPets+DataProviderDelegate.swift in Sources */,
				16F962D423F7A65500AAEBAF /* DataProvider.swift in Sources */,
				168AB73824175084000B7618 /* AddReminderViewController.swift in Sources */,
				16A591AC2404CD8B00B9A239 /* CreateMoodViewController.swift in Sources */,
				1642B99E2418919D00E71EA3 /* RemindersVC+SwipeCellKitDelegateMethods.swift in Sources */,
				166A86EE2407835E009BEEBA /* VaccineTableViewCell.swift in Sources */,
				168AB72B24173AB5000B7618 /* RemindersVC+CollectionViewDelegate.swift in Sources */,
				168AB7292417337B000B7618 /* RemindersViewController.swift in Sources */,
				168AB73224173CBF000B7618 /* ReminderCollectionViewCell.swift in Sources */,
				168463592409EE8C00936530 /* GeneralHelper.swift in Sources */,
				16F962D723F7B13000AAEBAF /* DataProviderDelegate.swift in Sources */,
				16D7CFDF23ECE5090035DA5A /* UIColor+Hex.swift in Sources */,
				16D7CFDB23ECE3E70035DA5A /* AllPets+DelegateMethods.swift in Sources */,
				16BCB6D823DFE82300C91316 /* AppDelegate.swift in Sources */,
				16D7CFE323ECE7E10035DA5A /* Assets.swift in Sources */,
				1642B99C2418899D00E71EA3 /* RemindersVC+ProviderDelegateMethods.swift in Sources */,
				16B808AE240770B600C6A1EA /* VaccinesViewController.swift in Sources */,
				16BC2F8F241C55EC00222798 /* LoginViewController.swift in Sources */,
				166A86EC24077C9B009BEEBA /* VaccinesTBViewDelegateMethods.swift in Sources */,
				1613131423EE3F49000B9059 /* ProfileButtonCollectionViewCell.swift in Sources */,
				16BCB6DA23DFE82300C91316 /* SceneDelegate.swift in Sources */,
				16BC2F91241C7C7800222798 /* LogoutViewController.swift in Sources */,
				16E3C20C2420AC4200F1B4C4 /* UserDataProviderDelegate.swift in Sources */,
				16A211DD240E0D24009EFEE2 /* VaccineInfo+TableViewDelegateMethods.swift in Sources */,
				16A211DF240E0EF1009EFEE2 /* VaccineInfoTableViewCell.swift in Sources */,
				16A18EBF23EE2D0500120A9C /* PetProfileCollectionViewDelegateMethods.swift in Sources */,
				16E3C2102420AF2B00F1B4C4 /* AllPets+UserDataProviderDelegate.swift in Sources */,
				16BCC3D9240A34B900071E8A /* VaccinesVC+DataProviderDelegateMethods.swift in Sources */,
				16A591A42404C6A000B9A239 /* AddButton.swift in Sources */,
				16D7CFD223EBD2AE0035DA5A /* PetProfileViewController.swift in Sources */,
				167BAACE2408CE9300519EA6 /* Vaccine.swift in Sources */,
				16A211DB240E05EA009EFEE2 /* VaccineInfoViewController.swift in Sources */,
				16D7CFEA23ED08730035DA5A /* PetAvatarWithShadowImageView.swift in Sources */,
				16BC2F84241C341100222798 /* SignUpViewController.swift in Sources */,
				160D0A2B2400F4C300BADA5F /* MoodsViewCVDelegateMethods.swift in Sources */,
			);
			runOnlyForDeploymentPostprocessing = 0;
		};
/* End PBXSourcesBuildPhase section */

/* Begin PBXVariantGroup section */
		16BCB6E523DFE82900C91316 /* LaunchScreen.storyboard */ = {
			isa = PBXVariantGroup;
			children = (
				16BCB6E623DFE82900C91316 /* Base */,
			);
			name = LaunchScreen.storyboard;
			sourceTree = "<group>";
		};
/* End PBXVariantGroup section */

/* Begin XCBuildConfiguration section */
		16BCB6E923DFE82900C91316 /* Debug */ = {
			isa = XCBuildConfiguration;
			buildSettings = {
				ALWAYS_SEARCH_USER_PATHS = NO;
				CLANG_ANALYZER_NONNULL = YES;
				CLANG_ANALYZER_NUMBER_OBJECT_CONVERSION = YES_AGGRESSIVE;
				CLANG_CXX_LANGUAGE_STANDARD = "gnu++14";
				CLANG_CXX_LIBRARY = "libc++";
				CLANG_ENABLE_MODULES = YES;
				CLANG_ENABLE_OBJC_ARC = YES;
				CLANG_ENABLE_OBJC_WEAK = YES;
				CLANG_WARN_BLOCK_CAPTURE_AUTORELEASING = YES;
				CLANG_WARN_BOOL_CONVERSION = YES;
				CLANG_WARN_COMMA = YES;
				CLANG_WARN_CONSTANT_CONVERSION = YES;
				CLANG_WARN_DEPRECATED_OBJC_IMPLEMENTATIONS = YES;
				CLANG_WARN_DIRECT_OBJC_ISA_USAGE = YES_ERROR;
				CLANG_WARN_DOCUMENTATION_COMMENTS = YES;
				CLANG_WARN_EMPTY_BODY = YES;
				CLANG_WARN_ENUM_CONVERSION = YES;
				CLANG_WARN_INFINITE_RECURSION = YES;
				CLANG_WARN_INT_CONVERSION = YES;
				CLANG_WARN_NON_LITERAL_NULL_CONVERSION = YES;
				CLANG_WARN_OBJC_IMPLICIT_RETAIN_SELF = YES;
				CLANG_WARN_OBJC_LITERAL_CONVERSION = YES;
				CLANG_WARN_OBJC_ROOT_CLASS = YES_ERROR;
				CLANG_WARN_RANGE_LOOP_ANALYSIS = YES;
				CLANG_WARN_STRICT_PROTOTYPES = YES;
				CLANG_WARN_SUSPICIOUS_MOVE = YES;
				CLANG_WARN_UNGUARDED_AVAILABILITY = YES_AGGRESSIVE;
				CLANG_WARN_UNREACHABLE_CODE = YES;
				CLANG_WARN__DUPLICATE_METHOD_MATCH = YES;
				COPY_PHASE_STRIP = NO;
				DEBUG_INFORMATION_FORMAT = dwarf;
				ENABLE_STRICT_OBJC_MSGSEND = YES;
				ENABLE_TESTABILITY = YES;
				GCC_C_LANGUAGE_STANDARD = gnu11;
				GCC_DYNAMIC_NO_PIC = NO;
				GCC_NO_COMMON_BLOCKS = YES;
				GCC_OPTIMIZATION_LEVEL = 0;
				GCC_PREPROCESSOR_DEFINITIONS = (
					"DEBUG=1",
					"$(inherited)",
				);
				GCC_WARN_64_TO_32_BIT_CONVERSION = YES;
				GCC_WARN_ABOUT_RETURN_TYPE = YES_ERROR;
				GCC_WARN_UNDECLARED_SELECTOR = YES;
				GCC_WARN_UNINITIALIZED_AUTOS = YES_AGGRESSIVE;
				GCC_WARN_UNUSED_FUNCTION = YES;
				GCC_WARN_UNUSED_VARIABLE = YES;
				IPHONEOS_DEPLOYMENT_TARGET = 13.2;
				MTL_ENABLE_DEBUG_INFO = INCLUDE_SOURCE;
				MTL_FAST_MATH = YES;
				ONLY_ACTIVE_ARCH = YES;
				SDKROOT = iphoneos;
				SWIFT_ACTIVE_COMPILATION_CONDITIONS = DEBUG;
				SWIFT_OPTIMIZATION_LEVEL = "-Onone";
			};
			name = Debug;
		};
		16BCB6EA23DFE82900C91316 /* Release */ = {
			isa = XCBuildConfiguration;
			buildSettings = {
				ALWAYS_SEARCH_USER_PATHS = NO;
				CLANG_ANALYZER_NONNULL = YES;
				CLANG_ANALYZER_NUMBER_OBJECT_CONVERSION = YES_AGGRESSIVE;
				CLANG_CXX_LANGUAGE_STANDARD = "gnu++14";
				CLANG_CXX_LIBRARY = "libc++";
				CLANG_ENABLE_MODULES = YES;
				CLANG_ENABLE_OBJC_ARC = YES;
				CLANG_ENABLE_OBJC_WEAK = YES;
				CLANG_WARN_BLOCK_CAPTURE_AUTORELEASING = YES;
				CLANG_WARN_BOOL_CONVERSION = YES;
				CLANG_WARN_COMMA = YES;
				CLANG_WARN_CONSTANT_CONVERSION = YES;
				CLANG_WARN_DEPRECATED_OBJC_IMPLEMENTATIONS = YES;
				CLANG_WARN_DIRECT_OBJC_ISA_USAGE = YES_ERROR;
				CLANG_WARN_DOCUMENTATION_COMMENTS = YES;
				CLANG_WARN_EMPTY_BODY = YES;
				CLANG_WARN_ENUM_CONVERSION = YES;
				CLANG_WARN_INFINITE_RECURSION = YES;
				CLANG_WARN_INT_CONVERSION = YES;
				CLANG_WARN_NON_LITERAL_NULL_CONVERSION = YES;
				CLANG_WARN_OBJC_IMPLICIT_RETAIN_SELF = YES;
				CLANG_WARN_OBJC_LITERAL_CONVERSION = YES;
				CLANG_WARN_OBJC_ROOT_CLASS = YES_ERROR;
				CLANG_WARN_RANGE_LOOP_ANALYSIS = YES;
				CLANG_WARN_STRICT_PROTOTYPES = YES;
				CLANG_WARN_SUSPICIOUS_MOVE = YES;
				CLANG_WARN_UNGUARDED_AVAILABILITY = YES_AGGRESSIVE;
				CLANG_WARN_UNREACHABLE_CODE = YES;
				CLANG_WARN__DUPLICATE_METHOD_MATCH = YES;
				COPY_PHASE_STRIP = NO;
				DEBUG_INFORMATION_FORMAT = "dwarf-with-dsym";
				ENABLE_NS_ASSERTIONS = NO;
				ENABLE_STRICT_OBJC_MSGSEND = YES;
				GCC_C_LANGUAGE_STANDARD = gnu11;
				GCC_NO_COMMON_BLOCKS = YES;
				GCC_WARN_64_TO_32_BIT_CONVERSION = YES;
				GCC_WARN_ABOUT_RETURN_TYPE = YES_ERROR;
				GCC_WARN_UNDECLARED_SELECTOR = YES;
				GCC_WARN_UNINITIALIZED_AUTOS = YES_AGGRESSIVE;
				GCC_WARN_UNUSED_FUNCTION = YES;
				GCC_WARN_UNUSED_VARIABLE = YES;
				IPHONEOS_DEPLOYMENT_TARGET = 13.2;
				MTL_ENABLE_DEBUG_INFO = NO;
				MTL_FAST_MATH = YES;
				SDKROOT = iphoneos;
				SWIFT_COMPILATION_MODE = wholemodule;
				SWIFT_OPTIMIZATION_LEVEL = "-O";
				VALIDATE_PRODUCT = YES;
			};
			name = Release;
		};
		16BCB6EC23DFE82900C91316 /* Debug */ = {
			isa = XCBuildConfiguration;
			baseConfigurationReference = A2D8A468AF8ADB1655BFDEB4 /* Pods-PetMe.debug.xcconfig */;
			buildSettings = {
				ASSETCATALOG_COMPILER_APPICON_NAME = AppIcon;
				CODE_SIGN_STYLE = Automatic;
				DEVELOPMENT_TEAM = KJUJ6544SG;
				INFOPLIST_FILE = PetMe/Info.plist;
				LD_RUNPATH_SEARCH_PATHS = (
					"$(inherited)",
					"@executable_path/Frameworks",
				);
				PRODUCT_BUNDLE_IDENTIFIER = com.lucasrocha.PetMe;
				PRODUCT_NAME = "$(TARGET_NAME)";
				SWIFT_VERSION = 5.0;
				TARGETED_DEVICE_FAMILY = "1,2";
			};
			name = Debug;
		};
		16BCB6ED23DFE82900C91316 /* Release */ = {
			isa = XCBuildConfiguration;
			baseConfigurationReference = 9D81A0855DA202E2CC32FD5C /* Pods-PetMe.release.xcconfig */;
			buildSettings = {
				ASSETCATALOG_COMPILER_APPICON_NAME = AppIcon;
				CODE_SIGN_STYLE = Automatic;
				DEVELOPMENT_TEAM = KJUJ6544SG;
				INFOPLIST_FILE = PetMe/Info.plist;
				LD_RUNPATH_SEARCH_PATHS = (
					"$(inherited)",
					"@executable_path/Frameworks",
				);
				PRODUCT_BUNDLE_IDENTIFIER = com.lucasrocha.PetMe;
				PRODUCT_NAME = "$(TARGET_NAME)";
				SWIFT_VERSION = 5.0;
				TARGETED_DEVICE_FAMILY = "1,2";
			};
			name = Release;
		};
/* End XCBuildConfiguration section */

/* Begin XCConfigurationList section */
		16BCB6CF23DFE82300C91316 /* Build configuration list for PBXProject "PetMe" */ = {
			isa = XCConfigurationList;
			buildConfigurations = (
				16BCB6E923DFE82900C91316 /* Debug */,
				16BCB6EA23DFE82900C91316 /* Release */,
			);
			defaultConfigurationIsVisible = 0;
			defaultConfigurationName = Release;
		};
		16BCB6EB23DFE82900C91316 /* Build configuration list for PBXNativeTarget "PetMe" */ = {
			isa = XCConfigurationList;
			buildConfigurations = (
				16BCB6EC23DFE82900C91316 /* Debug */,
				16BCB6ED23DFE82900C91316 /* Release */,
			);
			defaultConfigurationIsVisible = 0;
			defaultConfigurationName = Release;
		};
/* End XCConfigurationList section */
	};
	rootObject = 16BCB6CC23DFE82300C91316 /* Project object */;
}
